
Microsoft Visual Studio Solution File, Format Version 12.00
# Visual Studio Version 17
VisualStudioVersion = 17.3.32901.215
MinimumVisualStudioVersion = 10.0.40219.1
Project("{FAE04EC0-301F-11D3-BF4B-00C04F79EFBC}") = "HWK1A", "HWK1A\HWK1A.csproj", "{7EC9D135-9F01-4866-8241-377848E7F995}"
EndProject
Global
	GlobalSection(SolutionConfigurationPlatforms) = preSolution
		Debug|Any CPU = Debug|Any CPU
		Release|Any CPU = Release|Any CPU
	EndGlobalSection
	GlobalSection(ProjectConfigurationPlatforms) = postSolution
		{7EC9D135-9F01-4866-8241-377848E7F995}.Debug|Any CPU.ActiveCfg = Debug|Any CPU
		{7EC9D135-9F01-4866-8241-377848E7F995}.Debug|Any CPU.Build.0 = Debug|Any CPU
		{7EC9D135-9F01-4866-8241-377848E7F995}.Release|Any CPU.ActiveCfg = Release|Any CPU
		{7EC9D135-9F01-4866-8241-377848E7F995}.Release|Any CPU.Build.0 = Release|Any CPU
	EndGlobalSection
	GlobalSection(SolutionProperties) = preSolution
		HideSolutionNode = FALSE
	EndGlobalSection
	GlobalSection(ExtensibilityGlobals) = postSolution
		SolutionGuid = {02CEF70E-2D76-4FE5-A002-0F08FECA47B2}
	EndGlobalSection
EndGlobal
